// !$*UTF8*$!
{
	archiveVersion = 1;
	classes = {
	};
	objectVersion = 48;
	objects = {

/* Begin PBXBuildFile section */
		0F1A475B1FE1DEDA0069EB8D /* TrophyCollectionViewCell.swift in Sources */ = {isa = PBXBuildFile; fileRef = 0F1A475A1FE1DEDA0069EB8D /* TrophyCollectionViewCell.swift */; };
		0F1A475D1FE1DF930069EB8D /* TrophiesViewController.swift in Sources */ = {isa = PBXBuildFile; fileRef = 0F1A475C1FE1DF930069EB8D /* TrophiesViewController.swift */; };
		F109B66B1FE2D53A0098D23C /* AddPhotoViewController.swift in Sources */ = {isa = PBXBuildFile; fileRef = F109B66A1FE2D53A0098D23C /* AddPhotoViewController.swift */; };
		F11172DC1FE94596005E47AC /* Profile.storyboard in Resources */ = {isa = PBXBuildFile; fileRef = F11172DA1FE94596005E47AC /* Profile.storyboard */; };
		F11172DE1FE945AE005E47AC /* ProfileViewController.swift in Sources */ = {isa = PBXBuildFile; fileRef = F11172DD1FE945AE005E47AC /* ProfileViewController.swift */; };
		F11172E01FE945CC005E47AC /* ImageCollectionViewCell.swift in Sources */ = {isa = PBXBuildFile; fileRef = F11172DF1FE945CC005E47AC /* ImageCollectionViewCell.swift */; };
		F11172E21FE945D8005E47AC /* PhotoViewController.swift in Sources */ = {isa = PBXBuildFile; fileRef = F11172E11FE945D8005E47AC /* PhotoViewController.swift */; };
		F11ECB691FE1DDF9007F9BBD /* SignUpViewController.swift in Sources */ = {isa = PBXBuildFile; fileRef = F11ECB681FE1DDF9007F9BBD /* SignUpViewController.swift */; };
		F13C43651FE1349F0021225B /* Profile.swift in Sources */ = {isa = PBXBuildFile; fileRef = F13C43641FE1349F0021225B /* Profile.swift */; };
		F141029E1FE003FC00CF4840 /* Question.swift in Sources */ = {isa = PBXBuildFile; fileRef = F141029D1FE003FC00CF4840 /* Question.swift */; };
		F14A4E161FE9236800890819 /* LaunchScreen.storyboard in Resources */ = {isa = PBXBuildFile; fileRef = F14A4E141FE9236800890819 /* LaunchScreen.storyboard */; };
		F14A4E191FE9238200890819 /* Main.storyboard in Resources */ = {isa = PBXBuildFile; fileRef = F14A4E171FE9238200890819 /* Main.storyboard */; };
		F14A4E1E1FE923BB00890819 /* Assets.xcassets in Resources */ = {isa = PBXBuildFile; fileRef = F14A4E1D1FE923BB00890819 /* Assets.xcassets */; };
		F14A4E211FE924F500890819 /* Trophies.storyboard in Resources */ = {isa = PBXBuildFile; fileRef = F14A4E1F1FE924F500890819 /* Trophies.storyboard */; };
		F16EC35D1FE26F4B00828735 /* DataModel.swift in Sources */ = {isa = PBXBuildFile; fileRef = F16EC35C1FE26F4B00828735 /* DataModel.swift */; };
		F16EC3661FE28A1C00828735 /* BorderedButton.swift in Sources */ = {isa = PBXBuildFile; fileRef = F16EC3651FE28A1C00828735 /* BorderedButton.swift */; };
		F1709CDA1FE997AA007F366F /* Task.swift in Sources */ = {isa = PBXBuildFile; fileRef = F1709CD91FE997AA007F366F /* Task.swift */; };
		F1709CDC1FE9B50C007F366F /* MyTabBarController.swift in Sources */ = {isa = PBXBuildFile; fileRef = F1709CDB1FE9B50C007F366F /* MyTabBarController.swift */; };
		F1709CDE1FE9B723007F366F /* Date+Component.swift in Sources */ = {isa = PBXBuildFile; fileRef = F1709CDD1FE9B723007F366F /* Date+Component.swift */; };
		F17B59121FE16A18007D3918 /* ResultSurveyViewController.swift in Sources */ = {isa = PBXBuildFile; fileRef = F17B59111FE16A18007D3918 /* ResultSurveyViewController.swift */; };
		F18673261FE96DE80089D400 /* CustomPopUpViewController.swift in Sources */ = {isa = PBXBuildFile; fileRef = F18673231FE96DE70089D400 /* CustomPopUpViewController.swift */; };
		F18673271FE96DE80089D400 /* TaskViewController.swift in Sources */ = {isa = PBXBuildFile; fileRef = F18673241FE96DE70089D400 /* TaskViewController.swift */; };
		F18673281FE96DE80089D400 /* CustomTableViewCell.swift in Sources */ = {isa = PBXBuildFile; fileRef = F18673251FE96DE80089D400 /* CustomTableViewCell.swift */; };
		F186732B1FE96DF80089D400 /* Task.storyboard in Resources */ = {isa = PBXBuildFile; fileRef = F18673291FE96DF80089D400 /* Task.storyboard */; };
		F186732D1FE96E9F0089D400 /* Tasks.plist in Resources */ = {isa = PBXBuildFile; fileRef = F186732C1FE96E9F0089D400 /* Tasks.plist */; };
		F18B36451FE922D800A1E437 /* AppDelegate.swift in Sources */ = {isa = PBXBuildFile; fileRef = F18B36441FE922D800A1E437 /* AppDelegate.swift */; };
		F1B6D84F1FE01F3600AC0659 /* QuestionStore.swift in Sources */ = {isa = PBXBuildFile; fileRef = F1B6D84E1FE01F3600AC0659 /* QuestionStore.swift */; };
		F1C5079C1FDED5EE00D0F48A /* FirstTime.storyboard in Resources */ = {isa = PBXBuildFile; fileRef = F1C5079A1FDED5EE00D0F48A /* FirstTime.storyboard */; };
		FA11E63E1FDFF3DF008FE164 /* SurveyViewController.swift in Sources */ = {isa = PBXBuildFile; fileRef = FA11E63D1FDFF3DF008FE164 /* SurveyViewController.swift */; };
/* End PBXBuildFile section */

/* Begin PBXFileReference section */
		0F1A475A1FE1DEDA0069EB8D /* TrophyCollectionViewCell.swift */ = {isa = PBXFileReference; lastKnownFileType = sourcecode.swift; path = TrophyCollectionViewCell.swift; sourceTree = "<group>"; };
		0F1A475C1FE1DF930069EB8D /* TrophiesViewController.swift */ = {isa = PBXFileReference; lastKnownFileType = sourcecode.swift; path = TrophiesViewController.swift; sourceTree = "<group>"; };
		F109B66A1FE2D53A0098D23C /* AddPhotoViewController.swift */ = {isa = PBXFileReference; lastKnownFileType = sourcecode.swift; path = AddPhotoViewController.swift; sourceTree = "<group>"; };
		F11172DB1FE94596005E47AC /* Base */ = {isa = PBXFileReference; lastKnownFileType = file.storyboard; name = Base; path = Base.lproj/Profile.storyboard; sourceTree = "<group>"; };
		F11172DD1FE945AE005E47AC /* ProfileViewController.swift */ = {isa = PBXFileReference; fileEncoding = 4; lastKnownFileType = sourcecode.swift; path = ProfileViewController.swift; sourceTree = "<group>"; };
		F11172DF1FE945CC005E47AC /* ImageCollectionViewCell.swift */ = {isa = PBXFileReference; fileEncoding = 4; lastKnownFileType = sourcecode.swift; name = ImageCollectionViewCell.swift; path = ComfortZone/Controllers/ImageCollectionViewCell.swift; sourceTree = SOURCE_ROOT; };
		F11172E11FE945D8005E47AC /* PhotoViewController.swift */ = {isa = PBXFileReference; fileEncoding = 4; lastKnownFileType = sourcecode.swift; path = PhotoViewController.swift; sourceTree = "<group>"; };
		F11ECB681FE1DDF9007F9BBD /* SignUpViewController.swift */ = {isa = PBXFileReference; lastKnownFileType = sourcecode.swift; path = SignUpViewController.swift; sourceTree = "<group>"; };
		F13C43641FE1349F0021225B /* Profile.swift */ = {isa = PBXFileReference; lastKnownFileType = sourcecode.swift; path = Profile.swift; sourceTree = "<group>"; };
		F141029D1FE003FC00CF4840 /* Question.swift */ = {isa = PBXFileReference; fileEncoding = 4; lastKnownFileType = sourcecode.swift; path = Question.swift; sourceTree = "<group>"; };
		F14A4E151FE9236800890819 /* Base */ = {isa = PBXFileReference; lastKnownFileType = file.storyboard; name = Base; path = Base.lproj/LaunchScreen.storyboard; sourceTree = "<group>"; };
		F14A4E181FE9238200890819 /* Base */ = {isa = PBXFileReference; lastKnownFileType = file.storyboard; name = Base; path = Base.lproj/Main.storyboard; sourceTree = "<group>"; };
		F14A4E1D1FE923BB00890819 /* Assets.xcassets */ = {isa = PBXFileReference; lastKnownFileType = folder.assetcatalog; path = Assets.xcassets; sourceTree = "<group>"; };
		F14A4E201FE924F500890819 /* Base */ = {isa = PBXFileReference; lastKnownFileType = file.storyboard; name = Base; path = Base.lproj/Trophies.storyboard; sourceTree = "<group>"; };
		F16EC35C1FE26F4B00828735 /* DataModel.swift */ = {isa = PBXFileReference; lastKnownFileType = sourcecode.swift; path = DataModel.swift; sourceTree = "<group>"; };
		F16EC3651FE28A1C00828735 /* BorderedButton.swift */ = {isa = PBXFileReference; lastKnownFileType = sourcecode.swift; path = BorderedButton.swift; sourceTree = "<group>"; };
		F1709CD91FE997AA007F366F /* Task.swift */ = {isa = PBXFileReference; lastKnownFileType = sourcecode.swift; path = Task.swift; sourceTree = "<group>"; };
		F1709CDB1FE9B50C007F366F /* MyTabBarController.swift */ = {isa = PBXFileReference; lastKnownFileType = sourcecode.swift; path = MyTabBarController.swift; sourceTree = "<group>"; };
		F1709CDD1FE9B723007F366F /* Date+Component.swift */ = {isa = PBXFileReference; lastKnownFileType = sourcecode.swift; name = "Date+Component.swift"; path = "ComfortZone/Date+Component.swift"; sourceTree = SOURCE_ROOT; };
		F17B59111FE16A18007D3918 /* ResultSurveyViewController.swift */ = {isa = PBXFileReference; lastKnownFileType = sourcecode.swift; path = ResultSurveyViewController.swift; sourceTree = "<group>"; };
		F18673231FE96DE70089D400 /* CustomPopUpViewController.swift */ = {isa = PBXFileReference; fileEncoding = 4; lastKnownFileType = sourcecode.swift; path = CustomPopUpViewController.swift; sourceTree = "<group>"; };
		F18673241FE96DE70089D400 /* TaskViewController.swift */ = {isa = PBXFileReference; fileEncoding = 4; lastKnownFileType = sourcecode.swift; path = TaskViewController.swift; sourceTree = "<group>"; };
		F18673251FE96DE80089D400 /* CustomTableViewCell.swift */ = {isa = PBXFileReference; fileEncoding = 4; lastKnownFileType = sourcecode.swift; path = CustomTableViewCell.swift; sourceTree = "<group>"; };
		F186732A1FE96DF80089D400 /* Base */ = {isa = PBXFileReference; lastKnownFileType = file.storyboard; name = Base; path = Base.lproj/Task.storyboard; sourceTree = "<group>"; };
		F186732C1FE96E9F0089D400 /* Tasks.plist */ = {isa = PBXFileReference; fileEncoding = 4; lastKnownFileType = text.plist.xml; path = Tasks.plist; sourceTree = "<group>"; };
		F18B36441FE922D800A1E437 /* AppDelegate.swift */ = {isa = PBXFileReference; fileEncoding = 4; lastKnownFileType = sourcecode.swift; path = AppDelegate.swift; sourceTree = "<group>"; };
		F18E0A721FD9F416001B0740 /* ComfortZone.app */ = {isa = PBXFileReference; explicitFileType = wrapper.application; includeInIndex = 0; path = ComfortZone.app; sourceTree = BUILT_PRODUCTS_DIR; };
		F18E0A811FD9F416001B0740 /* Info.plist */ = {isa = PBXFileReference; lastKnownFileType = text.plist.xml; path = Info.plist; sourceTree = "<group>"; };
		F1B6D84E1FE01F3600AC0659 /* QuestionStore.swift */ = {isa = PBXFileReference; lastKnownFileType = sourcecode.swift; path = QuestionStore.swift; sourceTree = "<group>"; };
		F1C5079B1FDED5EE00D0F48A /* Base */ = {isa = PBXFileReference; lastKnownFileType = file.storyboard; name = Base; path = Base.lproj/FirstTime.storyboard; sourceTree = "<group>"; };
		FA11E63D1FDFF3DF008FE164 /* SurveyViewController.swift */ = {isa = PBXFileReference; lastKnownFileType = sourcecode.swift; path = SurveyViewController.swift; sourceTree = "<group>"; };
/* End PBXFileReference section */

/* Begin PBXFrameworksBuildPhase section */
		F18E0A6F1FD9F416001B0740 /* Frameworks */ = {
			isa = PBXFrameworksBuildPhase;
			buildActionMask = 2147483647;
			files = (
			);
			runOnlyForDeploymentPostprocessing = 0;
		};
/* End PBXFrameworksBuildPhase section */

/* Begin PBXGroup section */
		F16EC3641FE289F200828735 /* Views */ = {
			isa = PBXGroup;
			children = (
				F16EC3651FE28A1C00828735 /* BorderedButton.swift */,
				F18673251FE96DE80089D400 /* CustomTableViewCell.swift */,
				F11172DF1FE945CC005E47AC /* ImageCollectionViewCell.swift */,
				0F1A475A1FE1DEDA0069EB8D /* TrophyCollectionViewCell.swift */,
			);
			path = Views;
			sourceTree = "<group>";
		};
		F18E0A691FD9F416001B0740 = {
			isa = PBXGroup;
			children = (
				F18E0A741FD9F416001B0740 /* ComfortZone */,
				F18E0A731FD9F416001B0740 /* Products */,
			);
			sourceTree = "<group>";
		};
		F18E0A731FD9F416001B0740 /* Products */ = {
			isa = PBXGroup;
			children = (
				F18E0A721FD9F416001B0740 /* ComfortZone.app */,
			);
			name = Products;
			sourceTree = "<group>";
		};
		F18E0A741FD9F416001B0740 /* ComfortZone */ = {
			isa = PBXGroup;
			children = (
				F18B36441FE922D800A1E437 /* AppDelegate.swift */,
				F1709CDD1FE9B723007F366F /* Date+Component.swift */,
				FAC97F2E1FDED8B70012F2B2 /* Controllers */,
				FAC97F2D1FDED8A00012F2B2 /* Data Layer */,
				F18E0A891FDA85D3001B0740 /* Storyboards */,
				F18E0A8B1FDA8EE2001B0740 /* Supporting Files */,
				F16EC3641FE289F200828735 /* Views */,
			);
			path = ComfortZone;
			sourceTree = "<group>";
		};
		F18E0A891FDA85D3001B0740 /* Storyboards */ = {
			isa = PBXGroup;
			children = (
				F1C5079A1FDED5EE00D0F48A /* FirstTime.storyboard */,
				F14A4E141FE9236800890819 /* LaunchScreen.storyboard */,
				F14A4E171FE9238200890819 /* Main.storyboard */,
				F11172DA1FE94596005E47AC /* Profile.storyboard */,
				F18673291FE96DF80089D400 /* Task.storyboard */,
				F14A4E1F1FE924F500890819 /* Trophies.storyboard */,
			);
			path = Storyboards;
			sourceTree = "<group>";
		};
		F18E0A8B1FDA8EE2001B0740 /* Supporting Files */ = {
			isa = PBXGroup;
			children = (
				F14A4E1D1FE923BB00890819 /* Assets.xcassets */,
				F18E0A811FD9F416001B0740 /* Info.plist */,
				F186732C1FE96E9F0089D400 /* Tasks.plist */,
			);
			path = "Supporting Files";
			sourceTree = "<group>";
		};
		FAC97F2D1FDED8A00012F2B2 /* Data Layer */ = {
			isa = PBXGroup;
			children = (
				F13C43641FE1349F0021225B /* Profile.swift */,
				F141029D1FE003FC00CF4840 /* Question.swift */,
				F16EC35C1FE26F4B00828735 /* DataModel.swift */,
				F1B6D84E1FE01F3600AC0659 /* QuestionStore.swift */,
				F1709CD91FE997AA007F366F /* Task.swift */,
			);
			path = "Data Layer";
			sourceTree = "<group>";
		};
		FAC97F2E1FDED8B70012F2B2 /* Controllers */ = {
			isa = PBXGroup;
			children = (
				F109B66A1FE2D53A0098D23C /* AddPhotoViewController.swift */,
				F18673231FE96DE70089D400 /* CustomPopUpViewController.swift */,
				F1709CDB1FE9B50C007F366F /* MyTabBarController.swift */,
				F11172E11FE945D8005E47AC /* PhotoViewController.swift */,
				F11172DD1FE945AE005E47AC /* ProfileViewController.swift */,
				F17B59111FE16A18007D3918 /* ResultSurveyViewController.swift */,
				F11ECB681FE1DDF9007F9BBD /* SignUpViewController.swift */,
				FA11E63D1FDFF3DF008FE164 /* SurveyViewController.swift */,
				F18673241FE96DE70089D400 /* TaskViewController.swift */,
				0F1A475C1FE1DF930069EB8D /* TrophiesViewController.swift */,
			);
			path = Controllers;
			sourceTree = "<group>";
		};
/* End PBXGroup section */

/* Begin PBXNativeTarget section */
		F18E0A711FD9F416001B0740 /* ComfortZone */ = {
			isa = PBXNativeTarget;
			buildConfigurationList = F18E0A841FD9F416001B0740 /* Build configuration list for PBXNativeTarget "ComfortZone" */;
			buildPhases = (
				F18E0A6E1FD9F416001B0740 /* Sources */,
				F18E0A6F1FD9F416001B0740 /* Frameworks */,
				F18E0A701FD9F416001B0740 /* Resources */,
			);
			buildRules = (
			);
			dependencies = (
			);
			name = ComfortZone;
			productName = ComfortZone;
			productReference = F18E0A721FD9F416001B0740 /* ComfortZone.app */;
			productType = "com.apple.product-type.application";
		};
/* End PBXNativeTarget section */

/* Begin PBXProject section */
		F18E0A6A1FD9F416001B0740 /* Project object */ = {
			isa = PBXProject;
			attributes = {
				LastSwiftUpdateCheck = 0920;
				LastUpgradeCheck = 0920;
				ORGANIZATIONNAME = "Diego Caroli";
				TargetAttributes = {
					F18E0A711FD9F416001B0740 = {
						CreatedOnToolsVersion = 9.2;
						ProvisioningStyle = Automatic;
					};
				};
			};
			buildConfigurationList = F18E0A6D1FD9F416001B0740 /* Build configuration list for PBXProject "ComfortZone" */;
			compatibilityVersion = "Xcode 8.0";
			developmentRegion = en;
			hasScannedForEncodings = 0;
			knownRegions = (
				en,
				Base,
			);
			mainGroup = F18E0A691FD9F416001B0740;
			productRefGroup = F18E0A731FD9F416001B0740 /* Products */;
			projectDirPath = "";
			projectRoot = "";
			targets = (
				F18E0A711FD9F416001B0740 /* ComfortZone */,
			);
		};
/* End PBXProject section */

/* Begin PBXResourcesBuildPhase section */
		F18E0A701FD9F416001B0740 /* Resources */ = {
			isa = PBXResourcesBuildPhase;
			buildActionMask = 2147483647;
			files = (
				F11172DC1FE94596005E47AC /* Profile.storyboard in Resources */,
				F14A4E161FE9236800890819 /* LaunchScreen.storyboard in Resources */,
				F14A4E211FE924F500890819 /* Trophies.storyboard in Resources */,
				F186732D1FE96E9F0089D400 /* Tasks.plist in Resources */,
				F186732B1FE96DF80089D400 /* Task.storyboard in Resources */,
				F1C5079C1FDED5EE00D0F48A /* FirstTime.storyboard in Resources */,
				F14A4E191FE9238200890819 /* Main.storyboard in Resources */,
				F14A4E1E1FE923BB00890819 /* Assets.xcassets in Resources */,
			);
			runOnlyForDeploymentPostprocessing = 0;
		};
/* End PBXResourcesBuildPhase section */

/* Begin PBXSourcesBuildPhase section */
		F18E0A6E1FD9F416001B0740 /* Sources */ = {
			isa = PBXSourcesBuildPhase;
			buildActionMask = 2147483647;
			files = (
				F18673281FE96DE80089D400 /* CustomTableViewCell.swift in Sources */,
				F18B36451FE922D800A1E437 /* AppDelegate.swift in Sources */,
				F17B59121FE16A18007D3918 /* ResultSurveyViewController.swift in Sources */,
				F11ECB691FE1DDF9007F9BBD /* SignUpViewController.swift in Sources */,
				F16EC3661FE28A1C00828735 /* BorderedButton.swift in Sources */,
				F141029E1FE003FC00CF4840 /* Question.swift in Sources */,
				F13C43651FE1349F0021225B /* Profile.swift in Sources */,
				F1709CDA1FE997AA007F366F /* Task.swift in Sources */,
				FA11E63E1FDFF3DF008FE164 /* SurveyViewController.swift in Sources */,
				F1709CDC1FE9B50C007F366F /* MyTabBarController.swift in Sources */,
				F16EC35D1FE26F4B00828735 /* DataModel.swift in Sources */,
				F18673261FE96DE80089D400 /* CustomPopUpViewController.swift in Sources */,
				F109B66B1FE2D53A0098D23C /* AddPhotoViewController.swift in Sources */,
				F1B6D84F1FE01F3600AC0659 /* QuestionStore.swift in Sources */,
				F11172E01FE945CC005E47AC /* ImageCollectionViewCell.swift in Sources */,
				F11172DE1FE945AE005E47AC /* ProfileViewController.swift in Sources */,
				F1709CDE1FE9B723007F366F /* Date+Component.swift in Sources */,
				0F1A475B1FE1DEDA0069EB8D /* TrophyCollectionViewCell.swift in Sources */,
				F18673271FE96DE80089D400 /* TaskViewController.swift in Sources */,
				0F1A475D1FE1DF930069EB8D /* TrophiesViewController.swift in Sources */,
				F11172E21FE945D8005E47AC /* PhotoViewController.swift in Sources */,
			);
			runOnlyForDeploymentPostprocessing = 0;
		};
/* End PBXSourcesBuildPhase section */

/* Begin PBXVariantGroup section */
		F11172DA1FE94596005E47AC /* Profile.storyboard */ = {
			isa = PBXVariantGroup;
			children = (
				F11172DB1FE94596005E47AC /* Base */,
			);
			name = Profile.storyboard;
			sourceTree = "<group>";
		};
		F14A4E141FE9236800890819 /* LaunchScreen.storyboard */ = {
			isa = PBXVariantGroup;
			children = (
				F14A4E151FE9236800890819 /* Base */,
			);
			name = LaunchScreen.storyboard;
			sourceTree = "<group>";
		};
		F14A4E171FE9238200890819 /* Main.storyboard */ = {
			isa = PBXVariantGroup;
			children = (
				F14A4E181FE9238200890819 /* Base */,
			);
			name = Main.storyboard;
			sourceTree = "<group>";
		};
		F14A4E1F1FE924F500890819 /* Trophies.storyboard */ = {
			isa = PBXVariantGroup;
			children = (
				F14A4E201FE924F500890819 /* Base */,
			);
			name = Trophies.storyboard;
			sourceTree = "<group>";
		};
		F18673291FE96DF80089D400 /* Task.storyboard */ = {
			isa = PBXVariantGroup;
			children = (
				F186732A1FE96DF80089D400 /* Base */,
			);
			name = Task.storyboard;
			sourceTree = "<group>";
		};
		F1C5079A1FDED5EE00D0F48A /* FirstTime.storyboard */ = {
			isa = PBXVariantGroup;
			children = (
				F1C5079B1FDED5EE00D0F48A /* Base */,
			);
			name = FirstTime.storyboard;
			sourceTree = "<group>";
		};
/* End PBXVariantGroup section */

/* Begin XCBuildConfiguration section */
		F18E0A821FD9F416001B0740 /* Debug */ = {
			isa = XCBuildConfiguration;
			buildSettings = {
				ALWAYS_SEARCH_USER_PATHS = NO;
				CLANG_ANALYZER_NONNULL = YES;
				CLANG_ANALYZER_NUMBER_OBJECT_CONVERSION = YES_AGGRESSIVE;
				CLANG_CXX_LANGUAGE_STANDARD = "gnu++14";
				CLANG_CXX_LIBRARY = "libc++";
				CLANG_ENABLE_MODULES = YES;
				CLANG_ENABLE_OBJC_ARC = YES;
				CLANG_WARN_BLOCK_CAPTURE_AUTORELEASING = YES;
				CLANG_WARN_BOOL_CONVERSION = YES;
				CLANG_WARN_COMMA = YES;
				CLANG_WARN_CONSTANT_CONVERSION = YES;
				CLANG_WARN_DIRECT_OBJC_ISA_USAGE = YES_ERROR;
				CLANG_WARN_DOCUMENTATION_COMMENTS = YES;
				CLANG_WARN_EMPTY_BODY = YES;
				CLANG_WARN_ENUM_CONVERSION = YES;
				CLANG_WARN_INFINITE_RECURSION = YES;
				CLANG_WARN_INT_CONVERSION = YES;
				CLANG_WARN_NON_LITERAL_NULL_CONVERSION = YES;
				CLANG_WARN_OBJC_LITERAL_CONVERSION = YES;
				CLANG_WARN_OBJC_ROOT_CLASS = YES_ERROR;
				CLANG_WARN_RANGE_LOOP_ANALYSIS = YES;
				CLANG_WARN_STRICT_PROTOTYPES = YES;
				CLANG_WARN_SUSPICIOUS_MOVE = YES;
				CLANG_WARN_UNGUARDED_AVAILABILITY = YES_AGGRESSIVE;
				CLANG_WARN_UNREACHABLE_CODE = YES;
				CLANG_WARN__DUPLICATE_METHOD_MATCH = YES;
				CODE_SIGN_IDENTITY = "iPhone Developer";
				COPY_PHASE_STRIP = NO;
				DEBUG_INFORMATION_FORMAT = dwarf;
				ENABLE_STRICT_OBJC_MSGSEND = YES;
				ENABLE_TESTABILITY = YES;
				GCC_C_LANGUAGE_STANDARD = gnu11;
				GCC_DYNAMIC_NO_PIC = NO;
				GCC_NO_COMMON_BLOCKS = YES;
				GCC_OPTIMIZATION_LEVEL = 0;
				GCC_PREPROCESSOR_DEFINITIONS = (
					"DEBUG=1",
					"$(inherited)",
				);
				GCC_WARN_64_TO_32_BIT_CONVERSION = YES;
				GCC_WARN_ABOUT_RETURN_TYPE = YES_ERROR;
				GCC_WARN_UNDECLARED_SELECTOR = YES;
				GCC_WARN_UNINITIALIZED_AUTOS = YES_AGGRESSIVE;
				GCC_WARN_UNUSED_FUNCTION = YES;
				GCC_WARN_UNUSED_VARIABLE = YES;
				IPHONEOS_DEPLOYMENT_TARGET = 11.2;
				MTL_ENABLE_DEBUG_INFO = YES;
				ONLY_ACTIVE_ARCH = YES;
				SDKROOT = iphoneos;
				SWIFT_ACTIVE_COMPILATION_CONDITIONS = DEBUG;
				SWIFT_OPTIMIZATION_LEVEL = "-Onone";
			};
			name = Debug;
		};
		F18E0A831FD9F416001B0740 /* Release */ = {
			isa = XCBuildConfiguration;
			buildSettings = {
				ALWAYS_SEARCH_USER_PATHS = NO;
				CLANG_ANALYZER_NONNULL = YES;
				CLANG_ANALYZER_NUMBER_OBJECT_CONVERSION = YES_AGGRESSIVE;
				CLANG_CXX_LANGUAGE_STANDARD = "gnu++14";
				CLANG_CXX_LIBRARY = "libc++";
				CLANG_ENABLE_MODULES = YES;
				CLANG_ENABLE_OBJC_ARC = YES;
				CLANG_WARN_BLOCK_CAPTURE_AUTORELEASING = YES;
				CLANG_WARN_BOOL_CONVERSION = YES;
				CLANG_WARN_COMMA = YES;
				CLANG_WARN_CONSTANT_CONVERSION = YES;
				CLANG_WARN_DIRECT_OBJC_ISA_USAGE = YES_ERROR;
				CLANG_WARN_DOCUMENTATION_COMMENTS = YES;
				CLANG_WARN_EMPTY_BODY = YES;
				CLANG_WARN_ENUM_CONVERSION = YES;
				CLANG_WARN_INFINITE_RECURSION = YES;
				CLANG_WARN_INT_CONVERSION = YES;
				CLANG_WARN_NON_LITERAL_NULL_CONVERSION = YES;
				CLANG_WARN_OBJC_LITERAL_CONVERSION = YES;
				CLANG_WARN_OBJC_ROOT_CLASS = YES_ERROR;
				CLANG_WARN_RANGE_LOOP_ANALYSIS = YES;
				CLANG_WARN_STRICT_PROTOTYPES = YES;
				CLANG_WARN_SUSPICIOUS_MOVE = YES;
				CLANG_WARN_UNGUARDED_AVAILABILITY = YES_AGGRESSIVE;
				CLANG_WARN_UNREACHABLE_CODE = YES;
				CLANG_WARN__DUPLICATE_METHOD_MATCH = YES;
				CODE_SIGN_IDENTITY = "iPhone Developer";
				COPY_PHASE_STRIP = NO;
				DEBUG_INFORMATION_FORMAT = "dwarf-with-dsym";
				ENABLE_NS_ASSERTIONS = NO;
				ENABLE_STRICT_OBJC_MSGSEND = YES;
				GCC_C_LANGUAGE_STANDARD = gnu11;
				GCC_NO_COMMON_BLOCKS = YES;
				GCC_WARN_64_TO_32_BIT_CONVERSION = YES;
				GCC_WARN_ABOUT_RETURN_TYPE = YES_ERROR;
				GCC_WARN_UNDECLARED_SELECTOR = YES;
				GCC_WARN_UNINITIALIZED_AUTOS = YES_AGGRESSIVE;
				GCC_WARN_UNUSED_FUNCTION = YES;
				GCC_WARN_UNUSED_VARIABLE = YES;
				IPHONEOS_DEPLOYMENT_TARGET = 11.2;
				MTL_ENABLE_DEBUG_INFO = NO;
				SDKROOT = iphoneos;
				SWIFT_OPTIMIZATION_LEVEL = "-Owholemodule";
				VALIDATE_PRODUCT = YES;
			};
			name = Release;
		};
		F18E0A851FD9F416001B0740 /* Debug */ = {
			isa = XCBuildConfiguration;
			buildSettings = {
				ASSETCATALOG_COMPILER_APPICON_NAME = AppIcon;
				CODE_SIGN_STYLE = Automatic;
				DEVELOPMENT_TEAM = G8TLTA9GAD;
				INFOPLIST_FILE = "ComfortZone/Supporting Files/Info.plist";
				LD_RUNPATH_SEARCH_PATHS = "$(inherited) @executable_path/Frameworks";
				PRODUCT_BUNDLE_IDENTIFIER = com.diegocaroli.ComfortZone;
				PRODUCT_NAME = "$(TARGET_NAME)";
				SWIFT_VERSION = 4.0;
				TARGETED_DEVICE_FAMILY = 1;
			};
			name = Debug;
		};
		F18E0A861FD9F416001B0740 /* Release */ = {
			isa = XCBuildConfiguration;
			buildSettings = {
				ASSETCATALOG_COMPILER_APPICON_NAME = AppIcon;
				CODE_SIGN_STYLE = Automatic;
				DEVELOPMENT_TEAM = G8TLTA9GAD;
				INFOPLIST_FILE = "ComfortZone/Supporting Files/Info.plist";
				LD_RUNPATH_SEARCH_PATHS = "$(inherited) @executable_path/Frameworks";
				PRODUCT_BUNDLE_IDENTIFIER = com.diegocaroli.ComfortZone;
				PRODUCT_NAME = "$(TARGET_NAME)";
				SWIFT_VERSION = 4.0;
				TARGETED_DEVICE_FAMILY = 1;
			};
			name = Release;
		};
/* End XCBuildConfiguration section */

/* Begin XCConfigurationList section */
		F18E0A6D1FD9F416001B0740 /* Build configuration list for PBXProject "ComfortZone" */ = {
			isa = XCConfigurationList;
			buildConfigurations = (
				F18E0A821FD9F416001B0740 /* Debug */,
				F18E0A831FD9F416001B0740 /* Release */,
			);
			defaultConfigurationIsVisible = 0;
			defaultConfigurationName = Release;
		};
		F18E0A841FD9F416001B0740 /* Build configuration list for PBXNativeTarget "ComfortZone" */ = {
			isa = XCConfigurationList;
			buildConfigurations = (
				F18E0A851FD9F416001B0740 /* Debug */,
				F18E0A861FD9F416001B0740 /* Release */,
			);
			defaultConfigurationIsVisible = 0;
			defaultConfigurationName = Release;
		};
/* End XCConfigurationList section */
	};
	rootObject = F18E0A6A1FD9F416001B0740 /* Project object */;
}
